
Microsoft Visual Studio Solution File, Format Version 12.00
# Visual Studio Version 17
VisualStudioVersion = 17.13.35825.156 d17.13
MinimumVisualStudioVersion = 10.0.40219.1
Project("{FAE04EC0-301F-11D3-BF4B-00C04F79EFBC}") = "PseudoRMI_TicTacToeClient", "PseudoRMI_TicTacToeClient.csproj", "{FB6C9A57-A36A-4403-994F-B8C052BA4CE0}"
EndProject
Global
	GlobalSection(SolutionConfigurationPlatforms) = preSolution
		Debug|Any CPU = Debug|Any CPU
		Release|Any CPU = Release|Any CPU
	EndGlobalSection
	GlobalSection(ProjectConfigurationPlatforms) = postSolution
		{FB6C9A57-A36A-4403-994F-B8C052BA4CE0}.Debug|Any CPU.ActiveCfg = Debug|Any CPU
		{FB6C9A57-A36A-4403-994F-B8C052BA4CE0}.Debug|Any CPU.Build.0 = Debug|Any CPU
		{FB6C9A57-A36A-4403-994F-B8C052BA4CE0}.Release|Any CPU.ActiveCfg = Release|Any CPU
		{FB6C9A57-A36A-4403-994F-B8C052BA4CE0}.Release|Any CPU.Build.0 = Release|Any CPU
	EndGlobalSection
	GlobalSection(SolutionProperties) = preSolution
		HideSolutionNode = FALSE
	EndGlobalSection
	GlobalSection(ExtensibilityGlobals) = postSolution
		SolutionGuid = {AC02C91E-32FB-417D-AE56-1CC8107D446F}
	EndGlobalSection
EndGlobal
